Microsoft Visual Studio Solution File, Format Version 12.00
# Visual Studio Version 17
VisualStudioVersion = 17.5.2.0
MinimumVisualStudioVersion = 10.0.40219.1
Project("{FAE04EC0-301F-11D3-BF4B-00C04F79EFBC}") = "generator", "generator.csproj", "{4336B91A-9824-A38B-57A9-6C9170620584}"
EndProject
Global
	GlobalSection(SolutionConfigurationPlatforms) = preSolution
		Debug|Any CPU = Debug|Any CPU
		Release|Any CPU = Release|Any CPU
	EndGlobalSection
	GlobalSection(ProjectConfigurationPlatforms) = postSolution
		{4336B91A-9824-A38B-57A9-6C9170620584}.Debug|Any CPU.ActiveCfg = Debug|Any CPU
		{4336B91A-9824-A38B-57A9-6C9170620584}.Debug|Any CPU.Build.0 = Debug|Any CPU
		{4336B91A-9824-A38B-57A9-6C9170620584}.Release|Any CPU.ActiveCfg = Release|Any CPU
		{4336B91A-9824-A38B-57A9-6C9170620584}.Release|Any CPU.Build.0 = Release|Any CPU
	EndGlobalSection
	GlobalSection(SolutionProperties) = preSolution
		HideSolutionNode = FALSE
	EndGlobalSection
	GlobalSection(ExtensibilityGlobals) = postSolution
		SolutionGuid = {5A99500D-64CB-476A-A022-0D9EC0BAD1D7}
	EndGlobalSection
EndGlobal
